
Microsoft Visual Studio Solution File, Format Version 12.00
# Visual Studio Version 16
VisualStudioVersion = 16.0.30128.74
MinimumVisualStudioVersion = 10.0.40219.1
Project("{9A19103F-16F7-4668-BE54-9A1E7A4F7556}") = "Infrastructure", "src\Infrastructure\Infrastructure.csproj", "{FD512395-EC3A-4F8A-B7BA-9DB10EE9E765}"
EndProject
Project("{9A19103F-16F7-4668-BE54-9A1E7A4F7556}") = "Core", "src\Core\Core.csproj", "{58C9839F-610D-4AF1-B026-E24BCDD317E2}"
EndProject
Project("{9A19103F-16F7-4668-BE54-9A1E7A4F7556}") = "AngularApp", "src\AngularApp\AngularApp.csproj", "{B7E38F5E-5C0E-4F00-BCF1-FC3FD44EBE44}"
EndProject
Global
	GlobalSection(SolutionConfigurationPlatforms) = preSolution
		Debug|Any CPU = Debug|Any CPU
		Release|Any CPU = Release|Any CPU
	EndGlobalSection
	GlobalSection(ProjectConfigurationPlatforms) = postSolution
		{FD512395-EC3A-4F8A-B7BA-9DB10EE9E765}.Debug|Any CPU.ActiveCfg = Debug|Any CPU
		{FD512395-EC3A-4F8A-B7BA-9DB10EE9E765}.Debug|Any CPU.Build.0 = Debug|Any CPU
		{FD512395-EC3A-4F8A-B7BA-9DB10EE9E765}.Release|Any CPU.ActiveCfg = Release|Any CPU
		{FD512395-EC3A-4F8A-B7BA-9DB10EE9E765}.Release|Any CPU.Build.0 = Release|Any CPU
		{58C9839F-610D-4AF1-B026-E24BCDD317E2}.Debug|Any CPU.ActiveCfg = Debug|Any CPU
		{58C9839F-610D-4AF1-B026-E24BCDD317E2}.Debug|Any CPU.Build.0 = Debug|Any CPU
		{58C9839F-610D-4AF1-B026-E24BCDD317E2}.Release|Any CPU.ActiveCfg = Release|Any CPU
		{58C9839F-610D-4AF1-B026-E24BCDD317E2}.Release|Any CPU.Build.0 = Release|Any CPU
		{B7E38F5E-5C0E-4F00-BCF1-FC3FD44EBE44}.Debug|Any CPU.ActiveCfg = Debug|Any CPU
		{B7E38F5E-5C0E-4F00-BCF1-FC3FD44EBE44}.Debug|Any CPU.Build.0 = Debug|Any CPU
		{B7E38F5E-5C0E-4F00-BCF1-FC3FD44EBE44}.Release|Any CPU.ActiveCfg = Release|Any CPU
		{B7E38F5E-5C0E-4F00-BCF1-FC3FD44EBE44}.Release|Any CPU.Build.0 = Release|Any CPU
	EndGlobalSection
	GlobalSection(SolutionProperties) = preSolution
		HideSolutionNode = FALSE
	EndGlobalSection
	GlobalSection(ExtensibilityGlobals) = postSolution
		SolutionGuid = {55EEA3C3-8CF3-4FDA-860F-302BAE679A9B}
	EndGlobalSection
EndGlobal
